
Microsoft Visual Studio Solution File, Format Version 12.00
# Visual Studio Version 17
VisualStudioVersion = 17.7.34221.43
MinimumVisualStudioVersion = 10.0.40219.1
Project("{8BC9CEB8-8B4A-11D0-8D11-00A0C91BC942}") = "CREATE", "CREATE\CREATE.vcxproj", "{F3151958-EFF6-43BB-AF5F-6DBBC8D51DF0}"
EndProject
Project("{8BC9CEB8-8B4A-11D0-8D11-00A0C91BC942}") = "GoogleTest", "GoogleTest\GoogleTest.vcxproj", "{5D71937B-D545-406A-934C-9FE0DE2AB946}"
EndProject
Project("{8BC9CEB8-8B4A-11D0-8D11-00A0C91BC942}") = "OperatoryBitowe_2", "OperatoryBiotowe_2\OperatoryBiotowe_2.vcxproj", "{D6928335-64BE-4A7A-AB05-C63CC029DC0D}"
EndProject
Global
	GlobalSection(SolutionConfigurationPlatforms) = preSolution
		Debug|x64 = Debug|x64
		Debug|x86 = Debug|x86
		Release|x64 = Release|x64
		Release|x86 = Release|x86
	EndGlobalSection
	GlobalSection(ProjectConfigurationPlatforms) = postSolution
		{F3151958-EFF6-43BB-AF5F-6DBBC8D51DF0}.Debug|x64.ActiveCfg = Debug|x64
		{F3151958-EFF6-43BB-AF5F-6DBBC8D51DF0}.Debug|x64.Build.0 = Debug|x64
		{F3151958-EFF6-43BB-AF5F-6DBBC8D51DF0}.Debug|x86.ActiveCfg = Debug|Win32
		{F3151958-EFF6-43BB-AF5F-6DBBC8D51DF0}.Debug|x86.Build.0 = Debug|Win32
		{F3151958-EFF6-43BB-AF5F-6DBBC8D51DF0}.Release|x64.ActiveCfg = Release|x64
		{F3151958-EFF6-43BB-AF5F-6DBBC8D51DF0}.Release|x64.Build.0 = Release|x64
		{F3151958-EFF6-43BB-AF5F-6DBBC8D51DF0}.Release|x86.ActiveCfg = Release|Win32
		{F3151958-EFF6-43BB-AF5F-6DBBC8D51DF0}.Release|x86.Build.0 = Release|Win32
		{5D71937B-D545-406A-934C-9FE0DE2AB946}.Debug|x64.ActiveCfg = Debug|x64
		{5D71937B-D545-406A-934C-9FE0DE2AB946}.Debug|x64.Build.0 = Debug|x64
		{5D71937B-D545-406A-934C-9FE0DE2AB946}.Debug|x86.ActiveCfg = Debug|Win32
		{5D71937B-D545-406A-934C-9FE0DE2AB946}.Debug|x86.Build.0 = Debug|Win32
		{5D71937B-D545-406A-934C-9FE0DE2AB946}.Release|x64.ActiveCfg = Release|x64
		{5D71937B-D545-406A-934C-9FE0DE2AB946}.Release|x64.Build.0 = Release|x64
		{5D71937B-D545-406A-934C-9FE0DE2AB946}.Release|x86.ActiveCfg = Release|Win32
		{5D71937B-D545-406A-934C-9FE0DE2AB946}.Release|x86.Build.0 = Release|Win32
		{D6928335-64BE-4A7A-AB05-C63CC029DC0D}.Debug|x64.ActiveCfg = Debug|x64
		{D6928335-64BE-4A7A-AB05-C63CC029DC0D}.Debug|x64.Build.0 = Debug|x64
		{D6928335-64BE-4A7A-AB05-C63CC029DC0D}.Debug|x86.ActiveCfg = Debug|Win32
		{D6928335-64BE-4A7A-AB05-C63CC029DC0D}.Debug|x86.Build.0 = Debug|Win32
		{D6928335-64BE-4A7A-AB05-C63CC029DC0D}.Release|x64.ActiveCfg = Release|x64
		{D6928335-64BE-4A7A-AB05-C63CC029DC0D}.Release|x64.Build.0 = Release|x64
		{D6928335-64BE-4A7A-AB05-C63CC029DC0D}.Release|x86.ActiveCfg = Release|Win32
		{D6928335-64BE-4A7A-AB05-C63CC029DC0D}.Release|x86.Build.0 = Release|Win32
	EndGlobalSection
	GlobalSection(SolutionProperties) = preSolution
		HideSolutionNode = FALSE
	EndGlobalSection
	GlobalSection(ExtensibilityGlobals) = postSolution
		SolutionGuid = {045A68D2-1466-4C67-B5BB-615138A63076}
	EndGlobalSection
EndGlobal
